
Microsoft Visual Studio Solution File, Format Version 12.00
# Visual Studio Version 16
VisualStudioVersion = 16.0.29424.173
MinimumVisualStudioVersion = 10.0.40219.1
Project("{FAE04EC0-301F-11D3-BF4B-00C04F79EFBC}") = "JessesDungeon", "JessesDungeon\JessesDungeon.csproj", "{C15C7EE4-415C-4489-ADB7-D10AD00C3F35}"
EndProject
Global
	GlobalSection(SolutionConfigurationPlatforms) = preSolution
		Debug|Any CPU = Debug|Any CPU
		Release|Any CPU = Release|Any CPU
	EndGlobalSection
	GlobalSection(ProjectConfigurationPlatforms) = postSolution
		{C15C7EE4-415C-4489-ADB7-D10AD00C3F35}.Debug|Any CPU.ActiveCfg = Debug|Any CPU
		{C15C7EE4-415C-4489-ADB7-D10AD00C3F35}.Debug|Any CPU.Build.0 = Debug|Any CPU
		{C15C7EE4-415C-4489-ADB7-D10AD00C3F35}.Release|Any CPU.ActiveCfg = Release|Any CPU
		{C15C7EE4-415C-4489-ADB7-D10AD00C3F35}.Release|Any CPU.Build.0 = Release|Any CPU
	EndGlobalSection
	GlobalSection(SolutionProperties) = preSolution
		HideSolutionNode = FALSE
	EndGlobalSection
	GlobalSection(ExtensibilityGlobals) = postSolution
		SolutionGuid = {2EF0085D-F22A-4AB3-B97B-08A01DC555CB}
	EndGlobalSection
EndGlobal
